
Microsoft Visual Studio Solution File, Format Version 12.00
# Visual Studio Version 16
VisualStudioVersion = 16.0.29519.87
MinimumVisualStudioVersion = 10.0.40219.1
Project("{FAE04EC0-301F-11D3-BF4B-00C04F79EFBC}") = "MessengerBrowser", "MessengerBrowser\MessengerBrowser.csproj", "{A56C93EE-9B3C-4A1C-B0D9-99EE9B32CE05}"
EndProject
Project("{FAE04EC0-301F-11D3-BF4B-00C04F79EFBC}") = "BlueformFramework", "BlueformFramework\BlueformFramework.csproj", "{6B0403F9-9ED1-4006-88DE-B300CE38D741}"
EndProject
Project("{54435603-DBB4-11D2-8724-00A0C9A8B90C}") = "Setup_MSFA", "Setup_MSFA\Setup_MSFA.vdproj", "{FEB7BFB2-26BE-4052-B3B1-3115E8F4BDEC}"
EndProject
Project("{FAE04EC0-301F-11D3-BF4B-00C04F79EFBC}") = "ModuleUpdate", "ModuleUpdate\ModuleUpdate.csproj", "{1238C0DA-DF6F-4476-B219-8B5FE4E7C6B3}"
EndProject
Project("{FAE04EC0-301F-11D3-BF4B-00C04F79EFBC}") = "RunThread", "RunThread\RunThread.csproj", "{B684D38B-4066-4A22-B5EC-0F9FC75950FD}"
EndProject
Project("{54435603-DBB4-11D2-8724-00A0C9A8B90C}") = "Setup_MSFA_x86", "Setup_MSFA_x86\Setup_MSFA_x86.vdproj", "{4E269C93-3F78-4596-BB73-EC316796D91E}"
EndProject
Project("{FAE04EC0-301F-11D3-BF4B-00C04F79EFBC}") = "AeroLibrary", "AeroLibrary\AeroLibrary.csproj", "{761C16AE-85A9-468F-ABAD-9FBE8D018195}"
EndProject
Global
	GlobalSection(SolutionConfigurationPlatforms) = preSolution
		All|Any CPU = All|Any CPU
		All|x64 = All|x64
		All|x86 = All|x86
		Debug|Any CPU = Debug|Any CPU
		Debug|x64 = Debug|x64
		Debug|x86 = Debug|x86
		Release|Any CPU = Release|Any CPU
		Release|x64 = Release|x64
		Release|x86 = Release|x86
	EndGlobalSection
	GlobalSection(ProjectConfigurationPlatforms) = postSolution
		{A56C93EE-9B3C-4A1C-B0D9-99EE9B32CE05}.All|Any CPU.ActiveCfg = Release|Any CPU
		{A56C93EE-9B3C-4A1C-B0D9-99EE9B32CE05}.All|Any CPU.Build.0 = Release|Any CPU
		{A56C93EE-9B3C-4A1C-B0D9-99EE9B32CE05}.All|x64.ActiveCfg = Release|x64
		{A56C93EE-9B3C-4A1C-B0D9-99EE9B32CE05}.All|x64.Build.0 = Release|x64
		{A56C93EE-9B3C-4A1C-B0D9-99EE9B32CE05}.All|x86.ActiveCfg = Release|x86
		{A56C93EE-9B3C-4A1C-B0D9-99EE9B32CE05}.All|x86.Build.0 = Release|x86
		{A56C93EE-9B3C-4A1C-B0D9-99EE9B32CE05}.Debug|Any CPU.ActiveCfg = Debug|Any CPU
		{A56C93EE-9B3C-4A1C-B0D9-99EE9B32CE05}.Debug|Any CPU.Build.0 = Debug|Any CPU
		{A56C93EE-9B3C-4A1C-B0D9-99EE9B32CE05}.Debug|x64.ActiveCfg = Debug|x64
		{A56C93EE-9B3C-4A1C-B0D9-99EE9B32CE05}.Debug|x64.Build.0 = Debug|x64
		{A56C93EE-9B3C-4A1C-B0D9-99EE9B32CE05}.Debug|x86.ActiveCfg = Debug|x86
		{A56C93EE-9B3C-4A1C-B0D9-99EE9B32CE05}.Debug|x86.Build.0 = Debug|x86
		{A56C93EE-9B3C-4A1C-B0D9-99EE9B32CE05}.Release|Any CPU.ActiveCfg = Release|Any CPU
		{A56C93EE-9B3C-4A1C-B0D9-99EE9B32CE05}.Release|Any CPU.Build.0 = Release|Any CPU
		{A56C93EE-9B3C-4A1C-B0D9-99EE9B32CE05}.Release|x64.ActiveCfg = Release|x64
		{A56C93EE-9B3C-4A1C-B0D9-99EE9B32CE05}.Release|x64.Build.0 = Release|x64
		{A56C93EE-9B3C-4A1C-B0D9-99EE9B32CE05}.Release|x86.ActiveCfg = Debug|x86
		{A56C93EE-9B3C-4A1C-B0D9-99EE9B32CE05}.Release|x86.Build.0 = Debug|x86
		{6B0403F9-9ED1-4006-88DE-B300CE38D741}.All|Any CPU.ActiveCfg = Release|Any CPU
		{6B0403F9-9ED1-4006-88DE-B300CE38D741}.All|Any CPU.Build.0 = Release|Any CPU
		{6B0403F9-9ED1-4006-88DE-B300CE38D741}.All|x64.ActiveCfg = Release|Any CPU
		{6B0403F9-9ED1-4006-88DE-B300CE38D741}.All|x64.Build.0 = Release|Any CPU
		{6B0403F9-9ED1-4006-88DE-B300CE38D741}.All|x86.ActiveCfg = Release|x86
		{6B0403F9-9ED1-4006-88DE-B300CE38D741}.All|x86.Build.0 = Release|x86
		{6B0403F9-9ED1-4006-88DE-B300CE38D741}.Debug|Any CPU.ActiveCfg = Debug|Any CPU
		{6B0403F9-9ED1-4006-88DE-B300CE38D741}.Debug|Any CPU.Build.0 = Debug|Any CPU
		{6B0403F9-9ED1-4006-88DE-B300CE38D741}.Debug|x64.ActiveCfg = Debug|Any CPU
		{6B0403F9-9ED1-4006-88DE-B300CE38D741}.Debug|x64.Build.0 = Debug|Any CPU
		{6B0403F9-9ED1-4006-88DE-B300CE38D741}.Debug|x86.ActiveCfg = Debug|x86
		{6B0403F9-9ED1-4006-88DE-B300CE38D741}.Debug|x86.Build.0 = Debug|x86
		{6B0403F9-9ED1-4006-88DE-B300CE38D741}.Release|Any CPU.ActiveCfg = Release|Any CPU
		{6B0403F9-9ED1-4006-88DE-B300CE38D741}.Release|Any CPU.Build.0 = Release|Any CPU
		{6B0403F9-9ED1-4006-88DE-B300CE38D741}.Release|x64.ActiveCfg = Release|Any CPU
		{6B0403F9-9ED1-4006-88DE-B300CE38D741}.Release|x64.Build.0 = Release|Any CPU
		{6B0403F9-9ED1-4006-88DE-B300CE38D741}.Release|x86.ActiveCfg = Debug|x86
		{6B0403F9-9ED1-4006-88DE-B300CE38D741}.Release|x86.Build.0 = Debug|x86
		{FEB7BFB2-26BE-4052-B3B1-3115E8F4BDEC}.All|Any CPU.ActiveCfg = Release
		{FEB7BFB2-26BE-4052-B3B1-3115E8F4BDEC}.All|x64.ActiveCfg = Release
		{FEB7BFB2-26BE-4052-B3B1-3115E8F4BDEC}.All|x86.ActiveCfg = Debug
		{FEB7BFB2-26BE-4052-B3B1-3115E8F4BDEC}.All|x86.Build.0 = Debug
		{FEB7BFB2-26BE-4052-B3B1-3115E8F4BDEC}.Debug|Any CPU.ActiveCfg = Debug
		{FEB7BFB2-26BE-4052-B3B1-3115E8F4BDEC}.Debug|x64.ActiveCfg = Debug
		{FEB7BFB2-26BE-4052-B3B1-3115E8F4BDEC}.Debug|x86.ActiveCfg = Debug
		{FEB7BFB2-26BE-4052-B3B1-3115E8F4BDEC}.Debug|x86.Build.0 = Debug
		{FEB7BFB2-26BE-4052-B3B1-3115E8F4BDEC}.Release|Any CPU.ActiveCfg = Release
		{FEB7BFB2-26BE-4052-B3B1-3115E8F4BDEC}.Release|x64.ActiveCfg = Release
		{FEB7BFB2-26BE-4052-B3B1-3115E8F4BDEC}.Release|x86.ActiveCfg = Debug
		{FEB7BFB2-26BE-4052-B3B1-3115E8F4BDEC}.Release|x86.Build.0 = Debug
		{1238C0DA-DF6F-4476-B219-8B5FE4E7C6B3}.All|Any CPU.ActiveCfg = Release|Any CPU
		{1238C0DA-DF6F-4476-B219-8B5FE4E7C6B3}.All|Any CPU.Build.0 = Release|Any CPU
		{1238C0DA-DF6F-4476-B219-8B5FE4E7C6B3}.All|x64.ActiveCfg = Release|Any CPU
		{1238C0DA-DF6F-4476-B219-8B5FE4E7C6B3}.All|x64.Build.0 = Release|Any CPU
		{1238C0DA-DF6F-4476-B219-8B5FE4E7C6B3}.All|x86.ActiveCfg = Release|x86
		{1238C0DA-DF6F-4476-B219-8B5FE4E7C6B3}.All|x86.Build.0 = Release|x86
		{1238C0DA-DF6F-4476-B219-8B5FE4E7C6B3}.Debug|Any CPU.ActiveCfg = Debug|Any CPU
		{1238C0DA-DF6F-4476-B219-8B5FE4E7C6B3}.Debug|Any CPU.Build.0 = Debug|Any CPU
		{1238C0DA-DF6F-4476-B219-8B5FE4E7C6B3}.Debug|x64.ActiveCfg = Debug|Any CPU
		{1238C0DA-DF6F-4476-B219-8B5FE4E7C6B3}.Debug|x64.Build.0 = Debug|Any CPU
		{1238C0DA-DF6F-4476-B219-8B5FE4E7C6B3}.Debug|x86.ActiveCfg = Debug|x86
		{1238C0DA-DF6F-4476-B219-8B5FE4E7C6B3}.Debug|x86.Build.0 = Debug|x86
		{1238C0DA-DF6F-4476-B219-8B5FE4E7C6B3}.Release|Any CPU.ActiveCfg = Release|Any CPU
		{1238C0DA-DF6F-4476-B219-8B5FE4E7C6B3}.Release|Any CPU.Build.0 = Release|Any CPU
		{1238C0DA-DF6F-4476-B219-8B5FE4E7C6B3}.Release|x64.ActiveCfg = Release|Any CPU
		{1238C0DA-DF6F-4476-B219-8B5FE4E7C6B3}.Release|x64.Build.0 = Release|Any CPU
		{1238C0DA-DF6F-4476-B219-8B5FE4E7C6B3}.Release|x86.ActiveCfg = Debug|x86
		{1238C0DA-DF6F-4476-B219-8B5FE4E7C6B3}.Release|x86.Build.0 = Debug|x86
		{B684D38B-4066-4A22-B5EC-0F9FC75950FD}.All|Any CPU.ActiveCfg = Release|Any CPU
		{B684D38B-4066-4A22-B5EC-0F9FC75950FD}.All|Any CPU.Build.0 = Release|Any CPU
		{B684D38B-4066-4A22-B5EC-0F9FC75950FD}.All|x64.ActiveCfg = Release|Any CPU
		{B684D38B-4066-4A22-B5EC-0F9FC75950FD}.All|x64.Build.0 = Release|Any CPU
		{B684D38B-4066-4A22-B5EC-0F9FC75950FD}.All|x86.ActiveCfg = Release|x86
		{B684D38B-4066-4A22-B5EC-0F9FC75950FD}.All|x86.Build.0 = Release|x86
		{B684D38B-4066-4A22-B5EC-0F9FC75950FD}.Debug|Any CPU.ActiveCfg = Debug|Any CPU
		{B684D38B-4066-4A22-B5EC-0F9FC75950FD}.Debug|Any CPU.Build.0 = Debug|Any CPU
		{B684D38B-4066-4A22-B5EC-0F9FC75950FD}.Debug|x64.ActiveCfg = Debug|Any CPU
		{B684D38B-4066-4A22-B5EC-0F9FC75950FD}.Debug|x64.Build.0 = Debug|Any CPU
		{B684D38B-4066-4A22-B5EC-0F9FC75950FD}.Debug|x86.ActiveCfg = Debug|x86
		{B684D38B-4066-4A22-B5EC-0F9FC75950FD}.Debug|x86.Build.0 = Debug|x86
		{B684D38B-4066-4A22-B5EC-0F9FC75950FD}.Release|Any CPU.ActiveCfg = Release|Any CPU
		{B684D38B-4066-4A22-B5EC-0F9FC75950FD}.Release|Any CPU.Build.0 = Release|Any CPU
		{B684D38B-4066-4A22-B5EC-0F9FC75950FD}.Release|x64.ActiveCfg = Release|Any CPU
		{B684D38B-4066-4A22-B5EC-0F9FC75950FD}.Release|x64.Build.0 = Release|Any CPU
		{B684D38B-4066-4A22-B5EC-0F9FC75950FD}.Release|x86.ActiveCfg = Debug|x86
		{B684D38B-4066-4A22-B5EC-0F9FC75950FD}.Release|x86.Build.0 = Debug|x86
		{4E269C93-3F78-4596-BB73-EC316796D91E}.All|Any CPU.ActiveCfg = Release
		{4E269C93-3F78-4596-BB73-EC316796D91E}.All|x64.ActiveCfg = Release
		{4E269C93-3F78-4596-BB73-EC316796D91E}.All|x86.ActiveCfg = Release
		{4E269C93-3F78-4596-BB73-EC316796D91E}.Debug|Any CPU.ActiveCfg = Debug
		{4E269C93-3F78-4596-BB73-EC316796D91E}.Debug|x64.ActiveCfg = Debug
		{4E269C93-3F78-4596-BB73-EC316796D91E}.Debug|x86.ActiveCfg = Debug
		{4E269C93-3F78-4596-BB73-EC316796D91E}.Release|Any CPU.ActiveCfg = Release
		{4E269C93-3F78-4596-BB73-EC316796D91E}.Release|x64.ActiveCfg = Release
		{4E269C93-3F78-4596-BB73-EC316796D91E}.Release|x86.ActiveCfg = Release
		{761C16AE-85A9-468F-ABAD-9FBE8D018195}.All|Any CPU.ActiveCfg = Release|Any CPU
		{761C16AE-85A9-468F-ABAD-9FBE8D018195}.All|Any CPU.Build.0 = Release|Any CPU
		{761C16AE-85A9-468F-ABAD-9FBE8D018195}.All|x64.ActiveCfg = Release|Any CPU
		{761C16AE-85A9-468F-ABAD-9FBE8D018195}.All|x64.Build.0 = Release|Any CPU
		{761C16AE-85A9-468F-ABAD-9FBE8D018195}.All|x86.ActiveCfg = Release|Any CPU
		{761C16AE-85A9-468F-ABAD-9FBE8D018195}.All|x86.Build.0 = Release|Any CPU
		{761C16AE-85A9-468F-ABAD-9FBE8D018195}.Debug|Any CPU.ActiveCfg = Debug|Any CPU
		{761C16AE-85A9-468F-ABAD-9FBE8D018195}.Debug|Any CPU.Build.0 = Debug|Any CPU
		{761C16AE-85A9-468F-ABAD-9FBE8D018195}.Debug|x64.ActiveCfg = Debug|Any CPU
		{761C16AE-85A9-468F-ABAD-9FBE8D018195}.Debug|x64.Build.0 = Debug|Any CPU
		{761C16AE-85A9-468F-ABAD-9FBE8D018195}.Debug|x86.ActiveCfg = Debug|Any CPU
		{761C16AE-85A9-468F-ABAD-9FBE8D018195}.Debug|x86.Build.0 = Debug|Any CPU
		{761C16AE-85A9-468F-ABAD-9FBE8D018195}.Release|Any CPU.ActiveCfg = Release|Any CPU
		{761C16AE-85A9-468F-ABAD-9FBE8D018195}.Release|Any CPU.Build.0 = Release|Any CPU
		{761C16AE-85A9-468F-ABAD-9FBE8D018195}.Release|x64.ActiveCfg = Release|Any CPU
		{761C16AE-85A9-468F-ABAD-9FBE8D018195}.Release|x64.Build.0 = Release|Any CPU
		{761C16AE-85A9-468F-ABAD-9FBE8D018195}.Release|x86.ActiveCfg = Release|Any CPU
		{761C16AE-85A9-468F-ABAD-9FBE8D018195}.Release|x86.Build.0 = Release|Any CPU
	EndGlobalSection
	GlobalSection(SolutionProperties) = preSolution
		HideSolutionNode = FALSE
	EndGlobalSection
	GlobalSection(ExtensibilityGlobals) = postSolution
		SolutionGuid = {60541FA4-4E6E-42BA-8CA2-AACE44173CE3}
	EndGlobalSection
EndGlobal
